// !$*UTF8*$!
{
	archiveVersion = 1;
	classes = {
	};
	objectVersion = 46;
	objects = {

/* Begin PBXBuildFile section */
		1D3623260D0F684500981E51 /* AppDelegate.m in Sources */ = {isa = PBXBuildFile; fileRef = 1D3623250D0F684500981E51 /* AppDelegate.m */; settings = {COMPILER_FLAGS = ""; }; };
		1D60589B0D05DD56006BFB54 /* main.m in Sources */ = {isa = PBXBuildFile; fileRef = 29B97316FDCFA39411CA2CEA /* main.m */; settings = {COMPILER_FLAGS = ""; }; };
		1D60589F0D05DD5A006BFB54 /* Foundation.framework in Frameworks */ = {isa = PBXBuildFile; fileRef = 1D30AB110D05D00D00671497 /* Foundation.framework */; };
		1DF5F4E00D08C38300B7A737 /* UIKit.framework in Frameworks */ = {isa = PBXBuildFile; fileRef = 1DF5F4DF0D08C38300B7A737 /* UIKit.framework */; };
		28216C970DB411BC00E5133A /* StatsViewController.m in Sources */ = {isa = PBXBuildFile; fileRef = 28216C960DB411BC00E5133A /* StatsViewController.m */; settings = {COMPILER_FLAGS = ""; }; };
		3013ACCB0E5CD0BC00DFF042 /* Stat.png in Resources */ = {isa = PBXBuildFile; fileRef = 3013ACC60E5CD0BC00DFF042 /* Stat.png */; };
		3013ACCC0E5CD0BC00DFF042 /* XML.png in Resources */ = {isa = PBXBuildFile; fileRef = 3013ACC80E5CD0BC00DFF042 /* XML.png */; };
		3013ADBC0E5E099600DFF042 /* Default.png in Resources */ = {isa = PBXBuildFile; fileRef = 3013ADBA0E5E099600DFF042 /* Default.png */; };
		3097D68C0E392CCC00159D5D /* StatsView.xib in Resources */ = {isa = PBXBuildFile; fileRef = 3097D6890E392CCC00159D5D /* StatsView.xib */; };
		3097D6920E392ED500159D5D /* SongsViewController.m in Sources */ = {isa = PBXBuildFile; fileRef = 3097D6910E392ED500159D5D /* SongsViewController.m */; settings = {COMPILER_FLAGS = ""; }; };
		3097D6B40E392FAD00159D5D /* ParserChoiceViewController.m in Sources */ = {isa = PBXBuildFile; fileRef = 3097D6B30E392FAD00159D5D /* ParserChoiceViewController.m */; settings = {COMPILER_FLAGS = ""; }; };
		3097D6EF0E3939E700159D5D /* CoreGraphics.framework in Frameworks */ = {isa = PBXBuildFile; fileRef = 3097D6EE0E3939E700159D5D /* CoreGraphics.framework */; };
		3097D70A0E393EAE00159D5D /* iTunesRSSParser.m in Sources */ = {isa = PBXBuildFile; fileRef = 3097D7090E393EAE00159D5D /* iTunesRSSParser.m */; settings = {COMPILER_FLAGS = ""; }; };
		3097D71B0E39427200159D5D /* Song.m in Sources */ = {isa = PBXBuildFile; fileRef = 3097D71A0E39427200159D5D /* Song.m */; settings = {COMPILER_FLAGS = ""; }; };
		3097D7260E39451800159D5D /* LibXMLParser.m in Sources */ = {isa = PBXBuildFile; fileRef = 3097D7230E39451800159D5D /* LibXMLParser.m */; settings = {COMPILER_FLAGS = ""; }; };
		3097D7270E39451800159D5D /* CocoaXMLParser.m in Sources */ = {isa = PBXBuildFile; fileRef = 3097D7250E39451800159D5D /* CocoaXMLParser.m */; settings = {COMPILER_FLAGS = ""; }; };
		3097D72A0E39487200159D5D /* libxml2.dylib in Frameworks */ = {isa = PBXBuildFile; fileRef = 3097D7290E39487200159D5D /* libxml2.dylib */; };
		3097D7390E394B0600159D5D /* DetailController.m in Sources */ = {isa = PBXBuildFile; fileRef = 3097D7380E394B0600159D5D /* DetailController.m */; settings = {COMPILER_FLAGS = ""; }; };
		309C4B890E844795007F2FBA /* Statistics.m in Sources */ = {isa = PBXBuildFile; fileRef = 309C4B880E844795007F2FBA /* Statistics.m */; settings = {COMPILER_FLAGS = ""; }; };
		30CB63DE0FBB5A1200E8B09E /* ParserChoiceView.xib in Resources */ = {isa = PBXBuildFile; fileRef = 30CB63DC0FBB5A1200E8B09E /* ParserChoiceView.xib */; };
		30EC989A0E3A507B0042536C /* stats.sqlite in Resources */ = {isa = PBXBuildFile; fileRef = 30EC98990E3A507B0042536C /* stats.sqlite */; };
		30EC98BF0E3A573E0042536C /* libsqlite3.dylib in Frameworks */ = {isa = PBXBuildFile; fileRef = 30EC98BE0E3A573E0042536C /* libsqlite3.dylib */; };
		30F20C520EC3618100F74FAC /* Localizable.strings in Resources */ = {isa = PBXBuildFile; fileRef = 30F20C500EC3618100F74FAC /* Localizable.strings */; };
		3541B4491136D95E00298D56 /* LibXMLDOMParser.m in Sources */ = {isa = PBXBuildFile; fileRef = 3541B4481136D95E00298D56 /* LibXMLDOMParser.m */; settings = {COMPILER_FLAGS = ""; }; };
		3599562B1135CA2B00BFD4B0 /* libz.dylib in Frameworks */ = {isa = PBXBuildFile; fileRef = 3599562A1135CA2B00BFD4B0 /* libz.dylib */; };
		359956311135CA5D00BFD4B0 /* TBXMLParser.m in Sources */ = {isa = PBXBuildFile; fileRef = 359956301135CA5D00BFD4B0 /* TBXMLParser.m */; };
		359956C61135D68E00BFD4B0 /* TouchXMLParser.m in Sources */ = {isa = PBXBuildFile; fileRef = 359956C51135D68E00BFD4B0 /* TouchXMLParser.m */; };
		3599571A1135E02000BFD4B0 /* KissXMLParser.m in Sources */ = {isa = PBXBuildFile; fileRef = 359957191135E02000BFD4B0 /* KissXMLParser.m */; };
		359957731135E34700BFD4B0 /* TinyXMLParser.mm in Sources */ = {isa = PBXBuildFile; fileRef = 359957721135E34700BFD4B0 /* TinyXMLParser.mm */; };
		359958971136106800BFD4B0 /* GDataXMLParser.m in Sources */ = {isa = PBXBuildFile; fileRef = 359958961136106800BFD4B0 /* GDataXMLParser.m */; };
		98A56B3C164EDC6A009A4B8C /* tinystr.cpp in Sources */ = {isa = PBXBuildFile; fileRef = 98A56B36164EDC6A009A4B8C /* tinystr.cpp */; };
		98A56B3D164EDC6A009A4B8C /* tinyxml.cpp in Sources */ = {isa = PBXBuildFile; fileRef = 98A56B38164EDC6A009A4B8C /* tinyxml.cpp */; };
		98A56B3E164EDC6A009A4B8C /* tinyxmlerror.cpp in Sources */ = {isa = PBXBuildFile; fileRef = 98A56B3A164EDC6A009A4B8C /* tinyxmlerror.cpp */; };
		98A56B3F164EDC6A009A4B8C /* tinyxmlparser.cpp in Sources */ = {isa = PBXBuildFile; fileRef = 98A56B3B164EDC6A009A4B8C /* tinyxmlparser.cpp */; };
		98A56B47164EF454009A4B8C /* tinyxml2.cpp in Sources */ = {isa = PBXBuildFile; fileRef = 98A56B45164EF454009A4B8C /* tinyxml2.cpp */; settings = {COMPILER_FLAGS = "-fno-objc-arc"; }; };
		98A56B4A164EF518009A4B8C /* TinyXML2Parser.mm in Sources */ = {isa = PBXBuildFile; fileRef = 98A56B49164EF518009A4B8C /* TinyXML2Parser.mm */; settings = {COMPILER_FLAGS = ""; }; };
		98C96BD91563454800AD793E /* RXMLElement.m in Sources */ = {isa = PBXBuildFile; fileRef = 98C96BD81563454800AD793E /* RXMLElement.m */; };
		98C96BDD1563462B00AD793E /* RaptureXMLParser.m in Sources */ = {isa = PBXBuildFile; fileRef = 98C96BDC1563462B00AD793E /* RaptureXMLParser.m */; };
		98C96C1F1563573B00AD793E /* CXMLDocument_CreationExtensions.m in Sources */ = {isa = PBXBuildFile; fileRef = 98C96C041563573B00AD793E /* CXMLDocument_CreationExtensions.m */; settings = {COMPILER_FLAGS = "-fno-objc-arc"; }; };
		98C96C201563573C00AD793E /* CXMLNode_CreationExtensions.m in Sources */ = {isa = PBXBuildFile; fileRef = 98C96C061563573B00AD793E /* CXMLNode_CreationExtensions.m */; settings = {COMPILER_FLAGS = "-fno-objc-arc"; }; };
		98C96C211563573C00AD793E /* CXHTMLDocument.m in Sources */ = {isa = PBXBuildFile; fileRef = 98C96C081563573B00AD793E /* CXHTMLDocument.m */; settings = {COMPILER_FLAGS = "-fno-objc-arc"; }; };
		98C96C221563573C00AD793E /* CXMLDocument_PrivateExtensions.m in Sources */ = {isa = PBXBuildFile; fileRef = 98C96C0A1563573B00AD793E /* CXMLDocument_PrivateExtensions.m */; settings = {COMPILER_FLAGS = "-fno-objc-arc"; }; };
		98C96C231563573C00AD793E /* CXMLDocument.m in Sources */ = {isa = PBXBuildFile; fileRef = 98C96C0C1563573B00AD793E /* CXMLDocument.m */; settings = {COMPILER_FLAGS = "-fno-objc-arc"; }; };
		98C96C241563573C00AD793E /* CXMLElement_CreationExtensions.m in Sources */ = {isa = PBXBuildFile; fileRef = 98C96C0E1563573B00AD793E /* CXMLElement_CreationExtensions.m */; settings = {COMPILER_FLAGS = "-fno-objc-arc"; }; };
		98C96C251563573C00AD793E /* CXMLElement_ElementTreeExtensions.m in Sources */ = {isa = PBXBuildFile; fileRef = 98C96C101563573B00AD793E /* CXMLElement_ElementTreeExtensions.m */; settings = {COMPILER_FLAGS = "-fno-objc-arc"; }; };
		98C96C261563573C00AD793E /* CXMLElement.m in Sources */ = {isa = PBXBuildFile; fileRef = 98C96C121563573B00AD793E /* CXMLElement.m */; settings = {COMPILER_FLAGS = "-fno-objc-arc"; }; };
		98C96C271563573C00AD793E /* CXMLNamespaceNode.m in Sources */ = {isa = PBXBuildFile; fileRef = 98C96C141563573B00AD793E /* CXMLNamespaceNode.m */; settings = {COMPILER_FLAGS = "-fno-objc-arc"; }; };
		98C96C281563573C00AD793E /* CXMLNode_PrivateExtensions.m in Sources */ = {isa = PBXBuildFile; fileRef = 98C96C161563573B00AD793E /* CXMLNode_PrivateExtensions.m */; settings = {COMPILER_FLAGS = "-fno-objc-arc"; }; };
		98C96C291563573C00AD793E /* CXMLNode_XPathExtensions.m in Sources */ = {isa = PBXBuildFile; fileRef = 98C96C181563573B00AD793E /* CXMLNode_XPathExtensions.m */; settings = {COMPILER_FLAGS = "-fno-objc-arc"; }; };
		98C96C2A1563573C00AD793E /* CXMLNode.m in Sources */ = {isa = PBXBuildFile; fileRef = 98C96C1A1563573B00AD793E /* CXMLNode.m */; settings = {COMPILER_FLAGS = "-fno-objc-arc"; }; };
		98C96C2B1563573C00AD793E /* CTidy.m in Sources */ = {isa = PBXBuildFile; fileRef = 98C96C1D1563573B00AD793E /* CTidy.m */; settings = {COMPILER_FLAGS = "-fno-objc-arc"; }; };
		98C96C2E1563592E00AD793E /* TBXML.m in Sources */ = {isa = PBXBuildFile; fileRef = 98C96C2D1563592E00AD793E /* TBXML.m */; settings = {COMPILER_FLAGS = "-fno-objc-arc"; }; };
		98C96C3F15635ACC00AD793E /* DDXMLElementAdditions.m in Sources */ = {isa = PBXBuildFile; fileRef = 98C96C3215635ACC00AD793E /* DDXMLElementAdditions.m */; };
		98C96C4015635ACC00AD793E /* NSString+DDXML.m in Sources */ = {isa = PBXBuildFile; fileRef = 98C96C3515635ACC00AD793E /* NSString+DDXML.m */; };
		98C96C4115635ACC00AD793E /* DDXMLDocument.m in Sources */ = {isa = PBXBuildFile; fileRef = 98C96C3815635ACC00AD793E /* DDXMLDocument.m */; };
		98C96C4215635ACC00AD793E /* DDXMLElement.m in Sources */ = {isa = PBXBuildFile; fileRef = 98C96C3A15635ACC00AD793E /* DDXMLElement.m */; };
		98C96C4315635ACC00AD793E /* DDXMLNode.m in Sources */ = {isa = PBXBuildFile; fileRef = 98C96C3C15635ACC00AD793E /* DDXMLNode.m */; };
		98C96C4615635DA000AD793E /* GDataXMLNode.m in Sources */ = {isa = PBXBuildFile; fileRef = 98C96C4515635DA000AD793E /* GDataXMLNode.m */; settings = {COMPILER_FLAGS = "-fno-objc-arc"; }; };
		98ED78811638F27300171FF5 /* Default-568h@2x.png in Resources */ = {isa = PBXBuildFile; fileRef = 98ED78801638F27300171FF5 /* Default-568h@2x.png */; };
/* End PBXBuildFile section */

/* Begin PBXFileReference section */
		1D30AB110D05D00D00671497 /* Foundation.framework */ = {isa = PBXFileReference; lastKnownFileType = wrapper.framework; name = Foundation.framework; path = System/Library/Frameworks/Foundation.framework; sourceTree = SDKROOT; };
		1D3623240D0F684500981E51 /* AppDelegate.h */ = {isa = PBXFileReference; fileEncoding = 4; lastKnownFileType = sourcecode.c.h; path = AppDelegate.h; sourceTree = "<group>"; };
		1D3623250D0F684500981E51 /* AppDelegate.m */ = {isa = PBXFileReference; fileEncoding = 4; lastKnownFileType = sourcecode.c.objc; path = AppDelegate.m; sourceTree = "<group>"; };
		1D6058910D05DD3D006BFB54 /* XMLPerformance.app */ = {isa = PBXFileReference; explicitFileType = wrapper.application; includeInIndex = 0; path = XMLPerformance.app; sourceTree = BUILT_PRODUCTS_DIR; };
		1DF5F4DF0D08C38300B7A737 /* UIKit.framework */ = {isa = PBXFileReference; lastKnownFileType = wrapper.framework; name = UIKit.framework; path = System/Library/Frameworks/UIKit.framework; sourceTree = SDKROOT; };
		28216C950DB411BC00E5133A /* StatsViewController.h */ = {isa = PBXFileReference; fileEncoding = 4; lastKnownFileType = sourcecode.c.h; path = StatsViewController.h; sourceTree = "<group>"; };
		28216C960DB411BC00E5133A /* StatsViewController.m */ = {isa = PBXFileReference; fileEncoding = 4; lastKnownFileType = sourcecode.c.objc; path = StatsViewController.m; sourceTree = "<group>"; };
		28A0AB4B0D9B1048005BE974 /* Prefix.pch */ = {isa = PBXFileReference; fileEncoding = 4; lastKnownFileType = sourcecode.c.h; path = Prefix.pch; sourceTree = "<group>"; };
		29B97316FDCFA39411CA2CEA /* main.m */ = {isa = PBXFileReference; fileEncoding = 4; lastKnownFileType = sourcecode.c.objc; path = main.m; sourceTree = "<group>"; };
		3013ACC70E5CD0BC00DFF042 /* en */ = {isa = PBXFileReference; lastKnownFileType = image.png; name = en; path = en.lproj/Stat.png; sourceTree = "<group>"; };
		3013ACC90E5CD0BC00DFF042 /* en */ = {isa = PBXFileReference; lastKnownFileType = image.png; name = en; path = en.lproj/XML.png; sourceTree = "<group>"; };
		3013ACF00E5CD69000DFF042 /* ReadMe.txt */ = {isa = PBXFileReference; fileEncoding = 4; lastKnownFileType = text; path = ReadMe.txt; sourceTree = "<group>"; };
		3013ADBB0E5E099600DFF042 /* en */ = {isa = PBXFileReference; lastKnownFileType = image.png; name = en; path = en.lproj/Default.png; sourceTree = "<group>"; };
		3097D68A0E392CCC00159D5D /* en */ = {isa = PBXFileReference; lastKnownFileType = file.xib; name = en; path = en.lproj/StatsView.xib; sourceTree = "<group>"; };
		3097D6900E392ED500159D5D /* SongsViewController.h */ = {isa = PBXFileReference; fileEncoding = 4; lastKnownFileType = sourcecode.c.h; path = SongsViewController.h; sourceTree = "<group>"; };
		3097D6910E392ED500159D5D /* SongsViewController.m */ = {isa = PBXFileReference; fileEncoding = 4; lastKnownFileType = sourcecode.c.objc; path = SongsViewController.m; sourceTree = "<group>"; };
		3097D6B20E392FAD00159D5D /* ParserChoiceViewController.h */ = {isa = PBXFileReference; fileEncoding = 4; lastKnownFileType = sourcecode.c.h; path = ParserChoiceViewController.h; sourceTree = "<group>"; };
		3097D6B30E392FAD00159D5D /* ParserChoiceViewController.m */ = {isa = PBXFileReference; fileEncoding = 4; lastKnownFileType = sourcecode.c.objc; path = ParserChoiceViewController.m; sourceTree = "<group>"; };
		3097D6EE0E3939E700159D5D /* CoreGraphics.framework */ = {isa = PBXFileReference; lastKnownFileType = wrapper.framework; name = CoreGraphics.framework; path = System/Library/Frameworks/CoreGraphics.framework; sourceTree = SDKROOT; };
		3097D7080E393EAE00159D5D /* iTunesRSSParser.h */ = {isa = PBXFileReference; fileEncoding = 4; lastKnownFileType = sourcecode.c.h; path = iTunesRSSParser.h; sourceTree = "<group>"; };
		3097D7090E393EAE00159D5D /* iTunesRSSParser.m */ = {isa = PBXFileReference; fileEncoding = 4; lastKnownFileType = sourcecode.c.objc; path = iTunesRSSParser.m; sourceTree = "<group>"; };
		3097D7190E39427200159D5D /* Song.h */ = {isa = PBXFileReference; fileEncoding = 4; lastKnownFileType = sourcecode.c.h; path = Song.h; sourceTree = "<group>"; };
		3097D71A0E39427200159D5D /* Song.m */ = {isa = PBXFileReference; fileEncoding = 4; lastKnownFileType = sourcecode.c.objc; path = Song.m; sourceTree = "<group>"; };
		3097D7220E39451800159D5D /* LibXMLParser.h */ = {isa = PBXFileReference; fileEncoding = 4; lastKnownFileType = sourcecode.c.h; path = LibXMLParser.h; sourceTree = "<group>"; };
		3097D7230E39451800159D5D /* LibXMLParser.m */ = {isa = PBXFileReference; fileEncoding = 4; lastKnownFileType = sourcecode.c.objc; path = LibXMLParser.m; sourceTree = "<group>"; };
		3097D7240E39451800159D5D /* CocoaXMLParser.h */ = {isa = PBXFileReference; fileEncoding = 4; lastKnownFileType = sourcecode.c.h; path = CocoaXMLParser.h; sourceTree = "<group>"; };
		3097D7250E39451800159D5D /* CocoaXMLParser.m */ = {isa = PBXFileReference; fileEncoding = 4; lastKnownFileType = sourcecode.c.objc; path = CocoaXMLParser.m; sourceTree = "<group>"; };
		3097D7290E39487200159D5D /* libxml2.dylib */ = {isa = PBXFileReference; lastKnownFileType = "compiled.mach-o.dylib"; name = libxml2.dylib; path = usr/lib/libxml2.dylib; sourceTree = SDKROOT; };
		3097D7370E394B0600159D5D /* DetailController.h */ = {isa = PBXFileReference; fileEncoding = 4; lastKnownFileType = sourcecode.c.h; path = DetailController.h; sourceTree = "<group>"; };
		3097D7380E394B0600159D5D /* DetailController.m */ = {isa = PBXFileReference; fileEncoding = 4; lastKnownFileType = sourcecode.c.objc; path = DetailController.m; sourceTree = "<group>"; };
		309C4B870E844795007F2FBA /* Statistics.h */ = {isa = PBXFileReference; fileEncoding = 4; lastKnownFileType = sourcecode.c.h; path = Statistics.h; sourceTree = "<group>"; };
		309C4B880E844795007F2FBA /* Statistics.m */ = {isa = PBXFileReference; fileEncoding = 4; lastKnownFileType = sourcecode.c.objc; path = Statistics.m; sourceTree = "<group>"; };
		30CB63DD0FBB5A1200E8B09E /* en */ = {isa = PBXFileReference; lastKnownFileType = file.xib; name = en; path = en.lproj/ParserChoiceView.xib; sourceTree = "<group>"; };
		30EC98990E3A507B0042536C /* stats.sqlite */ = {isa = PBXFileReference; lastKnownFileType = file; path = stats.sqlite; sourceTree = "<group>"; };
		30EC98BE0E3A573E0042536C /* libsqlite3.dylib */ = {isa = PBXFileReference; lastKnownFileType = "compiled.mach-o.dylib"; name = libsqlite3.dylib; path = usr/lib/libsqlite3.dylib; sourceTree = SDKROOT; };
		30F20C510EC3618100F74FAC /* en */ = {isa = PBXFileReference; fileEncoding = 4; lastKnownFileType = text.plist.strings; name = en; path = en.lproj/Localizable.strings; sourceTree = "<group>"; };
		3541B4471136D95E00298D56 /* LibXMLDOMParser.h */ = {isa = PBXFileReference; fileEncoding = 4; lastKnownFileType = sourcecode.c.h; path = LibXMLDOMParser.h; sourceTree = "<group>"; };
		3541B4481136D95E00298D56 /* LibXMLDOMParser.m */ = {isa = PBXFileReference; fileEncoding = 4; lastKnownFileType = sourcecode.c.objc; path = LibXMLDOMParser.m; sourceTree = "<group>"; };
		3599562A1135CA2B00BFD4B0 /* libz.dylib */ = {isa = PBXFileReference; lastKnownFileType = "compiled.mach-o.dylib"; name = libz.dylib; path = usr/lib/libz.dylib; sourceTree = SDKROOT; };
		3599562F1135CA5D00BFD4B0 /* TBXMLParser.h */ = {isa = PBXFileReference; fileEncoding = 4; lastKnownFileType = sourcecode.c.h; path = TBXMLParser.h; sourceTree = "<group>"; };
		359956301135CA5D00BFD4B0 /* TBXMLParser.m */ = {isa = PBXFileReference; fileEncoding = 4; lastKnownFileType = sourcecode.c.objc; path = TBXMLParser.m; sourceTree = "<group>"; };
		359956C41135D68E00BFD4B0 /* TouchXMLParser.h */ = {isa = PBXFileReference; fileEncoding = 4; lastKnownFileType = sourcecode.c.h; path = TouchXMLParser.h; sourceTree = "<group>"; };
		359956C51135D68E00BFD4B0 /* TouchXMLParser.m */ = {isa = PBXFileReference; fileEncoding = 4; lastKnownFileType = sourcecode.c.objc; path = TouchXMLParser.m; sourceTree = "<group>"; };
		359957181135E02000BFD4B0 /* KissXMLParser.h */ = {isa = PBXFileReference; fileEncoding = 4; lastKnownFileType = sourcecode.c.h; path = KissXMLParser.h; sourceTree = "<group>"; };
		359957191135E02000BFD4B0 /* KissXMLParser.m */ = {isa = PBXFileReference; fileEncoding = 4; lastKnownFileType = sourcecode.c.objc; path = KissXMLParser.m; sourceTree = "<group>"; };
		359957711135E34700BFD4B0 /* TinyXMLParser.h */ = {isa = PBXFileReference; fileEncoding = 4; lastKnownFileType = sourcecode.c.h; path = TinyXMLParser.h; sourceTree = "<group>"; };
		359957721135E34700BFD4B0 /* TinyXMLParser.mm */ = {isa = PBXFileReference; fileEncoding = 4; lastKnownFileType = sourcecode.cpp.objcpp; path = TinyXMLParser.mm; sourceTree = "<group>"; };
		359958951136106800BFD4B0 /* GDataXMLParser.h */ = {isa = PBXFileReference; fileEncoding = 4; lastKnownFileType = sourcecode.c.h; path = GDataXMLParser.h; sourceTree = "<group>"; };
		359958961136106800BFD4B0 /* GDataXMLParser.m */ = {isa = PBXFileReference; fileEncoding = 4; lastKnownFileType = sourcecode.c.objc; path = GDataXMLParser.m; sourceTree = "<group>"; };
		8D1107310486CEB800E47090 /* Info.plist */ = {isa = PBXFileReference; fileEncoding = 4; lastKnownFileType = text.plist.xml; path = Info.plist; sourceTree = "<group>"; };
		98A56B36164EDC6A009A4B8C /* tinystr.cpp */ = {isa = PBXFileReference; fileEncoding = 4; lastKnownFileType = sourcecode.cpp.cpp; path = tinystr.cpp; sourceTree = "<group>"; };
		98A56B37164EDC6A009A4B8C /* tinystr.h */ = {isa = PBXFileReference; fileEncoding = 4; lastKnownFileType = sourcecode.c.h; path = tinystr.h; sourceTree = "<group>"; };
		98A56B38164EDC6A009A4B8C /* tinyxml.cpp */ = {isa = PBXFileReference; fileEncoding = 4; lastKnownFileType = sourcecode.cpp.cpp; path = tinyxml.cpp; sourceTree = "<group>"; };
		98A56B39164EDC6A009A4B8C /* tinyxml.h */ = {isa = PBXFileReference; fileEncoding = 4; lastKnownFileType = sourcecode.c.h; path = tinyxml.h; sourceTree = "<group>"; };
		98A56B3A164EDC6A009A4B8C /* tinyxmlerror.cpp */ = {isa = PBXFileReference; fileEncoding = 4; lastKnownFileType = sourcecode.cpp.cpp; path = tinyxmlerror.cpp; sourceTree = "<group>"; };
		98A56B3B164EDC6A009A4B8C /* tinyxmlparser.cpp */ = {isa = PBXFileReference; fileEncoding = 4; lastKnownFileType = sourcecode.cpp.cpp; path = tinyxmlparser.cpp; sourceTree = "<group>"; };
		98A56B45164EF454009A4B8C /* tinyxml2.cpp */ = {isa = PBXFileReference; fileEncoding = 4; lastKnownFileType = sourcecode.cpp.cpp; name = tinyxml2.cpp; path = TinyXML2/tinyxml2.cpp; sourceTree = "<group>"; };
		98A56B46164EF454009A4B8C /* tinyxml2.h */ = {isa = PBXFileReference; fileEncoding = 4; lastKnownFileType = sourcecode.c.h; name = tinyxml2.h; path = TinyXML2/tinyxml2.h; sourceTree = "<group>"; };
		98A56B48164EF518009A4B8C /* TinyXML2Parser.h */ = {isa = PBXFileReference; fileEncoding = 4; lastKnownFileType = sourcecode.c.h; path = TinyXML2Parser.h; sourceTree = "<group>"; };
		98A56B49164EF518009A4B8C /* TinyXML2Parser.mm */ = {isa = PBXFileReference; fileEncoding = 4; lastKnownFileType = sourcecode.cpp.objcpp; path = TinyXML2Parser.mm; sourceTree = "<group>"; };
		98C96BD71563454800AD793E /* RXMLElement.h */ = {isa = PBXFileReference; fileEncoding = 4; lastKnownFileType = sourcecode.c.h; path = RXMLElement.h; sourceTree = "<group>"; };
		98C96BD81563454800AD793E /* RXMLElement.m */ = {isa = PBXFileReference; fileEncoding = 4; lastKnownFileType = sourcecode.c.objc; path = RXMLElement.m; sourceTree = "<group>"; };
		98C96BDB1563462B00AD793E /* RaptureXMLParser.h */ = {isa = PBXFileReference; fileEncoding = 4; lastKnownFileType = sourcecode.c.h; path = RaptureXMLParser.h; sourceTree = "<group>"; };
		98C96BDC1563462B00AD793E /* RaptureXMLParser.m */ = {isa = PBXFileReference; fileEncoding = 4; lastKnownFileType = sourcecode.c.objc; path = RaptureXMLParser.m; sourceTree = "<group>"; };
		98C96C031563573B00AD793E /* CXMLDocument_CreationExtensions.h */ = {isa = PBXFileReference; fileEncoding = 4; lastKnownFileType = sourcecode.c.h; path = CXMLDocument_CreationExtensions.h; sourceTree = "<group>"; };
		98C96C041563573B00AD793E /* CXMLDocument_CreationExtensions.m */ = {isa = PBXFileReference; fileEncoding = 4; lastKnownFileType = sourcecode.c.objc; path = CXMLDocument_CreationExtensions.m; sourceTree = "<group>"; };
		98C96C051563573B00AD793E /* CXMLNode_CreationExtensions.h */ = {isa = PBXFileReference; fileEncoding = 4; lastKnownFileType = sourcecode.c.h; path = CXMLNode_CreationExtensions.h; sourceTree = "<group>"; };
		98C96C061563573B00AD793E /* CXMLNode_CreationExtensions.m */ = {isa = PBXFileReference; fileEncoding = 4; lastKnownFileType = sourcecode.c.objc; path = CXMLNode_CreationExtensions.m; sourceTree = "<group>"; };
		98C96C071563573B00AD793E /* CXHTMLDocument.h */ = {isa = PBXFileReference; fileEncoding = 4; lastKnownFileType = sourcecode.c.h; name = CXHTMLDocument.h; path = Submodules/TouchXML/Source/CXHTMLDocument.h; sourceTree = "<group>"; };
		98C96C081563573B00AD793E /* CXHTMLDocument.m */ = {isa = PBXFileReference; fileEncoding = 4; lastKnownFileType = sourcecode.c.objc; name = CXHTMLDocument.m; path = Submodules/TouchXML/Source/CXHTMLDocument.m; sourceTree = "<group>"; };
		98C96C091563573B00AD793E /* CXMLDocument_PrivateExtensions.h */ = {isa = PBXFileReference; fileEncoding = 4; lastKnownFileType = sourcecode.c.h; name = CXMLDocument_PrivateExtensions.h; path = Submodules/TouchXML/Source/CXMLDocument_PrivateExtensions.h; sourceTree = "<group>"; };
		98C96C0A1563573B00AD793E /* CXMLDocument_PrivateExtensions.m */ = {isa = PBXFileReference; fileEncoding = 4; lastKnownFileType = sourcecode.c.objc; name = CXMLDocument_PrivateExtensions.m; path = Submodules/TouchXML/Source/CXMLDocument_PrivateExtensions.m; sourceTree = "<group>"; };
		98C96C0B1563573B00AD793E /* CXMLDocument.h */ = {isa = PBXFileReference; fileEncoding = 4; lastKnownFileType = sourcecode.c.h; name = CXMLDocument.h; path = Submodules/TouchXML/Source/CXMLDocument.h; sourceTree = "<group>"; };
		98C96C0C1563573B00AD793E /* CXMLDocument.m */ = {isa = PBXFileReference; fileEncoding = 4; lastKnownFileType = sourcecode.c.objc; name = CXMLDocument.m; path = Submodules/TouchXML/Source/CXMLDocument.m; sourceTree = "<group>"; };
		98C96C0D1563573B00AD793E /* CXMLElement_CreationExtensions.h */ = {isa = PBXFileReference; fileEncoding = 4; lastKnownFileType = sourcecode.c.h; name = CXMLElement_CreationExtensions.h; path = Submodules/TouchXML/Source/CXMLElement_CreationExtensions.h; sourceTree = "<group>"; };
		98C96C0E1563573B00AD793E /* CXMLElement_CreationExtensions.m */ = {isa = PBXFileReference; fileEncoding = 4; lastKnownFileType = sourcecode.c.objc; name = CXMLElement_CreationExtensions.m; path = Submodules/TouchXML/Source/CXMLElement_CreationExtensions.m; sourceTree = "<group>"; };
		98C96C0F1563573B00AD793E /* CXMLElement_ElementTreeExtensions.h */ = {isa = PBXFileReference; fileEncoding = 4; lastKnownFileType = sourcecode.c.h; name = CXMLElement_ElementTreeExtensions.h; path = Submodules/TouchXML/Source/CXMLElement_ElementTreeExtensions.h; sourceTree = "<group>"; };
		98C96C101563573B00AD793E /* CXMLElement_ElementTreeExtensions.m */ = {isa = PBXFileReference; fileEncoding = 4; lastKnownFileType = sourcecode.c.objc; name = CXMLElement_ElementTreeExtensions.m; path = Submodules/TouchXML/Source/CXMLElement_ElementTreeExtensions.m; sourceTree = "<group>"; };
		98C96C111563573B00AD793E /* CXMLElement.h */ = {isa = PBXFileReference; fileEncoding = 4; lastKnownFileType = sourcecode.c.h; name = CXMLElement.h; path = Submodules/TouchXML/Source/CXMLElement.h; sourceTree = "<group>"; };
		98C96C121563573B00AD793E /* CXMLElement.m */ = {isa = PBXFileReference; fileEncoding = 4; lastKnownFileType = sourcecode.c.objc; name = CXMLElement.m; path = Submodules/TouchXML/Source/CXMLElement.m; sourceTree = "<group>"; };
		98C96C131563573B00AD793E /* CXMLNamespaceNode.h */ = {isa = PBXFileReference; fileEncoding = 4; lastKnownFileType = sourcecode.c.h; name = CXMLNamespaceNode.h; path = Submodules/TouchXML/Source/CXMLNamespaceNode.h; sourceTree = "<group>"; };
		98C96C141563573B00AD793E /* CXMLNamespaceNode.m */ = {isa = PBXFileReference; fileEncoding = 4; lastKnownFileType = sourcecode.c.objc; name = CXMLNamespaceNode.m; path = Submodules/TouchXML/Source/CXMLNamespaceNode.m; sourceTree = "<group>"; };
		98C96C151563573B00AD793E /* CXMLNode_PrivateExtensions.h */ = {isa = PBXFileReference; fileEncoding = 4; lastKnownFileType = sourcecode.c.h; name = CXMLNode_PrivateExtensions.h; path = Submodules/TouchXML/Source/CXMLNode_PrivateExtensions.h; sourceTree = "<group>"; };
		98C96C161563573B00AD793E /* CXMLNode_PrivateExtensions.m */ = {isa = PBXFileReference; fileEncoding = 4; lastKnownFileType = sourcecode.c.objc; name = CXMLNode_PrivateExtensions.m; path = Submodules/TouchXML/Source/CXMLNode_PrivateExtensions.m; sourceTree = "<group>"; };
		98C96C171563573B00AD793E /* CXMLNode_XPathExtensions.h */ = {isa = PBXFileReference; fileEncoding = 4; lastKnownFileType = sourcecode.c.h; name = CXMLNode_XPathExtensions.h; path = Submodules/TouchXML/Source/CXMLNode_XPathExtensions.h; sourceTree = "<group>"; };
		98C96C181563573B00AD793E /* CXMLNode_XPathExtensions.m */ = {isa = PBXFileReference; fileEncoding = 4; lastKnownFileType = sourcecode.c.objc; name = CXMLNode_XPathExtensions.m; path = Submodules/TouchXML/Source/CXMLNode_XPathExtensions.m; sourceTree = "<group>"; };
		98C96C191563573B00AD793E /* CXMLNode.h */ = {isa = PBXFileReference; fileEncoding = 4; lastKnownFileType = sourcecode.c.h; name = CXMLNode.h; path = Submodules/TouchXML/Source/CXMLNode.h; sourceTree = "<group>"; };
		98C96C1A1563573B00AD793E /* CXMLNode.m */ = {isa = PBXFileReference; fileEncoding = 4; lastKnownFileType = sourcecode.c.objc; name = CXMLNode.m; path = Submodules/TouchXML/Source/CXMLNode.m; sourceTree = "<group>"; };
		98C96C1C1563573B00AD793E /* CTidy.h */ = {isa = PBXFileReference; fileEncoding = 4; lastKnownFileType = sourcecode.c.h; path = CTidy.h; sourceTree = "<group>"; };
		98C96C1D1563573B00AD793E /* CTidy.m */ = {isa = PBXFileReference; fileEncoding = 4; lastKnownFileType = sourcecode.c.objc; path = CTidy.m; sourceTree = "<group>"; };
		98C96C1E1563573B00AD793E /* TouchXML.h */ = {isa = PBXFileReference; fileEncoding = 4; lastKnownFileType = sourcecode.c.h; name = TouchXML.h; path = Submodules/TouchXML/Source/TouchXML.h; sourceTree = "<group>"; };
		98C96C2C1563592600AD793E /* TBXML.h */ = {isa = PBXFileReference; fileEncoding = 4; lastKnownFileType = sourcecode.c.h; name = TBXML.h; path = "Submodules/TBXML/TBXML-Headers/TBXML.h"; sourceTree = "<group>"; };
		98C96C2D1563592E00AD793E /* TBXML.m */ = {isa = PBXFileReference; fileEncoding = 4; lastKnownFileType = sourcecode.c.objc; name = TBXML.m; path = "Submodules/TBXML/TBXML-Code/TBXML.m"; sourceTree = "<group>"; };
		98C96C3115635ACC00AD793E /* DDXMLElementAdditions.h */ = {isa = PBXFileReference; fileEncoding = 4; lastKnownFileType = sourcecode.c.h; path = DDXMLElementAdditions.h; sourceTree = "<group>"; };
		98C96C3215635ACC00AD793E /* DDXMLElementAdditions.m */ = {isa = PBXFileReference; fileEncoding = 4; lastKnownFileType = sourcecode.c.objc; path = DDXMLElementAdditions.m; sourceTree = "<group>"; };
		98C96C3415635ACC00AD793E /* NSString+DDXML.h */ = {isa = PBXFileReference; fileEncoding = 4; lastKnownFileType = sourcecode.c.h; path = "NSString+DDXML.h"; sourceTree = "<group>"; };
		98C96C3515635ACC00AD793E /* NSString+DDXML.m */ = {isa = PBXFileReference; fileEncoding = 4; lastKnownFileType = sourcecode.c.objc; path = "NSString+DDXML.m"; sourceTree = "<group>"; };
		98C96C3615635ACC00AD793E /* DDXML.h */ = {isa = PBXFileReference; fileEncoding = 4; lastKnownFileType = sourcecode.c.h; path = DDXML.h; sourceTree = "<group>"; };
		98C96C3715635ACC00AD793E /* DDXMLDocument.h */ = {isa = PBXFileReference; fileEncoding = 4; lastKnownFileType = sourcecode.c.h; path = DDXMLDocument.h; sourceTree = "<group>"; };
		98C96C3815635ACC00AD793E /* DDXMLDocument.m */ = {isa = PBXFileReference; fileEncoding = 4; lastKnownFileType = sourcecode.c.objc; path = DDXMLDocument.m; sourceTree = "<group>"; };
		98C96C3915635ACC00AD793E /* DDXMLElement.h */ = {isa = PBXFileReference; fileEncoding = 4; lastKnownFileType = sourcecode.c.h; path = DDXMLElement.h; sourceTree = "<group>"; };
		98C96C3A15635ACC00AD793E /* DDXMLElement.m */ = {isa = PBXFileReference; fileEncoding = 4; lastKnownFileType = sourcecode.c.objc; path = DDXMLElement.m; sourceTree = "<group>"; };
		98C96C3B15635ACC00AD793E /* DDXMLNode.h */ = {isa = PBXFileReference; fileEncoding = 4; lastKnownFileType = sourcecode.c.h; path = DDXMLNode.h; sourceTree = "<group>"; };
		98C96C3C15635ACC00AD793E /* DDXMLNode.m */ = {isa = PBXFileReference; fileEncoding = 4; lastKnownFileType = sourcecode.c.objc; path = DDXMLNode.m; sourceTree = "<group>"; };
		98C96C3E15635ACC00AD793E /* DDXMLPrivate.h */ = {isa = PBXFileReference; fileEncoding = 4; lastKnownFileType = sourcecode.c.h; path = DDXMLPrivate.h; sourceTree = "<group>"; };
		98C96C4415635DA000AD793E /* GDataXMLNode.h */ = {isa = PBXFileReference; fileEncoding = 4; lastKnownFileType = sourcecode.c.h; name = GDataXMLNode.h; path = Submodules/GDataXML/GDataXMLNode.h; sourceTree = "<group>"; };
		98C96C4515635DA000AD793E /* GDataXMLNode.m */ = {isa = PBXFileReference; fileEncoding = 4; lastKnownFileType = sourcecode.c.objc; name = GDataXMLNode.m; path = Submodules/GDataXML/GDataXMLNode.m; sourceTree = "<group>"; };
		98ED78801638F27300171FF5 /* Default-568h@2x.png */ = {isa = PBXFileReference; lastKnownFileType = image.png; path = "Default-568h@2x.png"; sourceTree = "<group>"; };
/* End PBXFileReference section */

/* Begin PBXFrameworksBuildPhase section */
		1D60588F0D05DD3D006BFB54 /* Frameworks */ = {
			isa = PBXFrameworksBuildPhase;
			buildActionMask = 2147483647;
			files = (
				1D60589F0D05DD5A006BFB54 /* Foundation.framework in Frameworks */,
				1DF5F4E00D08C38300B7A737 /* UIKit.framework in Frameworks */,
				3097D6EF0E3939E700159D5D /* CoreGraphics.framework in Frameworks */,
				3097D72A0E39487200159D5D /* libxml2.dylib in Frameworks */,
				30EC98BF0E3A573E0042536C /* libsqlite3.dylib in Frameworks */,
				3599562B1135CA2B00BFD4B0 /* libz.dylib in Frameworks */,
			);
			runOnlyForDeploymentPostprocessing = 0;
		};
/* End PBXFrameworksBuildPhase section */

/* Begin PBXGroup section */
		080E96DDFE201D6D7F000001 /* Classes */ = {
			isa = PBXGroup;
			children = (
				1D3623240D0F684500981E51 /* AppDelegate.h */,
				1D3623250D0F684500981E51 /* AppDelegate.m */,
				3097D6B20E392FAD00159D5D /* ParserChoiceViewController.h */,
				3097D6B30E392FAD00159D5D /* ParserChoiceViewController.m */,
				3097D6900E392ED500159D5D /* SongsViewController.h */,
				3097D6910E392ED500159D5D /* SongsViewController.m */,
				3097D7370E394B0600159D5D /* DetailController.h */,
				3097D7380E394B0600159D5D /* DetailController.m */,
				3097D7190E39427200159D5D /* Song.h */,
				3097D71A0E39427200159D5D /* Song.m */,
				3097D7080E393EAE00159D5D /* iTunesRSSParser.h */,
				3097D7090E393EAE00159D5D /* iTunesRSSParser.m */,
				3097D7220E39451800159D5D /* LibXMLParser.h */,
				3097D7230E39451800159D5D /* LibXMLParser.m */,
				3097D7240E39451800159D5D /* CocoaXMLParser.h */,
				3097D7250E39451800159D5D /* CocoaXMLParser.m */,
				28216C950DB411BC00E5133A /* StatsViewController.h */,
				28216C960DB411BC00E5133A /* StatsViewController.m */,
				309C4B870E844795007F2FBA /* Statistics.h */,
				309C4B880E844795007F2FBA /* Statistics.m */,
				3599562F1135CA5D00BFD4B0 /* TBXMLParser.h */,
				359956301135CA5D00BFD4B0 /* TBXMLParser.m */,
				359956C41135D68E00BFD4B0 /* TouchXMLParser.h */,
				359956C51135D68E00BFD4B0 /* TouchXMLParser.m */,
				98C96BDB1563462B00AD793E /* RaptureXMLParser.h */,
				98C96BDC1563462B00AD793E /* RaptureXMLParser.m */,
				359957181135E02000BFD4B0 /* KissXMLParser.h */,
				359957191135E02000BFD4B0 /* KissXMLParser.m */,
				359957711135E34700BFD4B0 /* TinyXMLParser.h */,
				359957721135E34700BFD4B0 /* TinyXMLParser.mm */,
				98A56B48164EF518009A4B8C /* TinyXML2Parser.h */,
				98A56B49164EF518009A4B8C /* TinyXML2Parser.mm */,
				359958951136106800BFD4B0 /* GDataXMLParser.h */,
				359958961136106800BFD4B0 /* GDataXMLParser.m */,
				3541B4471136D95E00298D56 /* LibXMLDOMParser.h */,
				3541B4481136D95E00298D56 /* LibXMLDOMParser.m */,
			);
			path = Classes;
			sourceTree = "<group>";
		};
		19C28FACFE9D520D11CA2CBB /* Products */ = {
			isa = PBXGroup;
			children = (
				1D6058910D05DD3D006BFB54 /* XMLPerformance.app */,
			);
			name = Products;
			sourceTree = "<group>";
		};
		29B97314FDCFA39411CA2CEA /* XMLPerformance */ = {
			isa = PBXGroup;
			children = (
				98A56B34164EDC6A009A4B8C /* Parsers */,
				98ED78801638F27300171FF5 /* Default-568h@2x.png */,
				98C96C2F15635ACC00AD793E /* KissXML */,
				98C96C011563571E00AD793E /* TouchXML */,
				98C96BD61563454800AD793E /* RaptureXML */,
				3599588F11360FFE00BFD4B0 /* GDataXML */,
				359956231135C9EA00BFD4B0 /* TBXML */,
				3013ACF00E5CD69000DFF042 /* ReadMe.txt */,
				080E96DDFE201D6D7F000001 /* Classes */,
				29B97315FDCFA39411CA2CEA /* Other Sources */,
				29B97317FDCFA39411CA2CEA /* Resources */,
				29B97323FDCFA39411CA2CEA /* Frameworks */,
				19C28FACFE9D520D11CA2CBB /* Products */,
				3599562A1135CA2B00BFD4B0 /* libz.dylib */,
			);
			name = XMLPerformance;
			sourceTree = "<group>";
		};
		29B97315FDCFA39411CA2CEA /* Other Sources */ = {
			isa = PBXGroup;
			children = (
				28A0AB4B0D9B1048005BE974 /* Prefix.pch */,
				29B97316FDCFA39411CA2CEA /* main.m */,
			);
			name = "Other Sources";
			sourceTree = "<group>";
		};
		29B97317FDCFA39411CA2CEA /* Resources */ = {
			isa = PBXGroup;
			children = (
				30EC98990E3A507B0042536C /* stats.sqlite */,
				8D1107310486CEB800E47090 /* Info.plist */,
				3013ADBA0E5E099600DFF042 /* Default.png */,
				3013ACC60E5CD0BC00DFF042 /* Stat.png */,
				3013ACC80E5CD0BC00DFF042 /* XML.png */,
				30CB63DC0FBB5A1200E8B09E /* ParserChoiceView.xib */,
				3097D6890E392CCC00159D5D /* StatsView.xib */,
				30F20C500EC3618100F74FAC /* Localizable.strings */,
			);
			name = Resources;
			sourceTree = "<group>";
		};
		29B97323FDCFA39411CA2CEA /* Frameworks */ = {
			isa = PBXGroup;
			children = (
				30EC98BE0E3A573E0042536C /* libsqlite3.dylib */,
				3097D7290E39487200159D5D /* libxml2.dylib */,
				3097D6EE0E3939E700159D5D /* CoreGraphics.framework */,
				1DF5F4DF0D08C38300B7A737 /* UIKit.framework */,
				1D30AB110D05D00D00671497 /* Foundation.framework */,
			);
			name = Frameworks;
			sourceTree = "<group>";
		};
		359956231135C9EA00BFD4B0 /* TBXML */ = {
			isa = PBXGroup;
			children = (
				98C96C2D1563592E00AD793E /* TBXML.m */,
				98C96C2C1563592600AD793E /* TBXML.h */,
			);
			name = TBXML;
			sourceTree = "<group>";
		};
		3599588F11360FFE00BFD4B0 /* GDataXML */ = {
			isa = PBXGroup;
			children = (
				98C96C4415635DA000AD793E /* GDataXMLNode.h */,
				98C96C4515635DA000AD793E /* GDataXMLNode.m */,
			);
			name = GDataXML;
			sourceTree = "<group>";
		};
		98A56B34164EDC6A009A4B8C /* Parsers */ = {
			isa = PBXGroup;
			children = (
				98A56B44164EF443009A4B8C /* TinyXML2 */,
				98A56B35164EDC6A009A4B8C /* TinyXML */,
			);
			path = Parsers;
			sourceTree = "<group>";
		};
		98A56B35164EDC6A009A4B8C /* TinyXML */ = {
			isa = PBXGroup;
			children = (
				98A56B36164EDC6A009A4B8C /* tinystr.cpp */,
				98A56B37164EDC6A009A4B8C /* tinystr.h */,
				98A56B38164EDC6A009A4B8C /* tinyxml.cpp */,
				98A56B39164EDC6A009A4B8C /* tinyxml.h */,
				98A56B3A164EDC6A009A4B8C /* tinyxmlerror.cpp */,
				98A56B3B164EDC6A009A4B8C /* tinyxmlparser.cpp */,
			);
			path = TinyXML;
			sourceTree = "<group>";
		};
		98A56B44164EF443009A4B8C /* TinyXML2 */ = {
			isa = PBXGroup;
			children = (
				98A56B45164EF454009A4B8C /* tinyxml2.cpp */,
				98A56B46164EF454009A4B8C /* tinyxml2.h */,
			);
			name = TinyXML2;
			sourceTree = "<group>";
		};
		98C96BD61563454800AD793E /* RaptureXML */ = {
			isa = PBXGroup;
			children = (
				98C96BD71563454800AD793E /* RXMLElement.h */,
				98C96BD81563454800AD793E /* RXMLElement.m */,
			);
			name = RaptureXML;
			path = Submodules/RaptureXML/RaptureXML;
			sourceTree = "<group>";
		};
		98C96C011563571E00AD793E /* TouchXML */ = {
			isa = PBXGroup;
			children = (
				98C96C021563573B00AD793E /* Creation */,
				98C96C071563573B00AD793E /* CXHTMLDocument.h */,
				98C96C081563573B00AD793E /* CXHTMLDocument.m */,
				98C96C091563573B00AD793E /* CXMLDocument_PrivateExtensions.h */,
				98C96C0A1563573B00AD793E /* CXMLDocument_PrivateExtensions.m */,
				98C96C0B1563573B00AD793E /* CXMLDocument.h */,
				98C96C0C1563573B00AD793E /* CXMLDocument.m */,
				98C96C0D1563573B00AD793E /* CXMLElement_CreationExtensions.h */,
				98C96C0E1563573B00AD793E /* CXMLElement_CreationExtensions.m */,
				98C96C0F1563573B00AD793E /* CXMLElement_ElementTreeExtensions.h */,
				98C96C101563573B00AD793E /* CXMLElement_ElementTreeExtensions.m */,
				98C96C111563573B00AD793E /* CXMLElement.h */,
				98C96C121563573B00AD793E /* CXMLElement.m */,
				98C96C131563573B00AD793E /* CXMLNamespaceNode.h */,
				98C96C141563573B00AD793E /* CXMLNamespaceNode.m */,
				98C96C151563573B00AD793E /* CXMLNode_PrivateExtensions.h */,
				98C96C161563573B00AD793E /* CXMLNode_PrivateExtensions.m */,
				98C96C171563573B00AD793E /* CXMLNode_XPathExtensions.h */,
				98C96C181563573B00AD793E /* CXMLNode_XPathExtensions.m */,
				98C96C191563573B00AD793E /* CXMLNode.h */,
				98C96C1A1563573B00AD793E /* CXMLNode.m */,
				98C96C1B1563573B00AD793E /* Tidy */,
				98C96C1E1563573B00AD793E /* TouchXML.h */,
			);
			name = TouchXML;
			sourceTree = "<group>";
		};
		98C96C021563573B00AD793E /* Creation */ = {
			isa = PBXGroup;
			children = (
				98C96C031563573B00AD793E /* CXMLDocument_CreationExtensions.h */,
				98C96C041563573B00AD793E /* CXMLDocument_CreationExtensions.m */,
				98C96C051563573B00AD793E /* CXMLNode_CreationExtensions.h */,
				98C96C061563573B00AD793E /* CXMLNode_CreationExtensions.m */,
			);
			name = Creation;
			path = Submodules/TouchXML/Source/Creation;
			sourceTree = "<group>";
		};
		98C96C1B1563573B00AD793E /* Tidy */ = {
			isa = PBXGroup;
			children = (
				98C96C1C1563573B00AD793E /* CTidy.h */,
				98C96C1D1563573B00AD793E /* CTidy.m */,
			);
			name = Tidy;
			path = Submodules/TouchXML/Source/Tidy;
			sourceTree = "<group>";
		};
		98C96C2F15635ACC00AD793E /* KissXML */ = {
			isa = PBXGroup;
			children = (
				98C96C3015635ACC00AD793E /* Additions */,
				98C96C3315635ACC00AD793E /* Categories */,
				98C96C3615635ACC00AD793E /* DDXML.h */,
				98C96C3715635ACC00AD793E /* DDXMLDocument.h */,
				98C96C3815635ACC00AD793E /* DDXMLDocument.m */,
				98C96C3915635ACC00AD793E /* DDXMLElement.h */,
				98C96C3A15635ACC00AD793E /* DDXMLElement.m */,
				98C96C3B15635ACC00AD793E /* DDXMLNode.h */,
				98C96C3C15635ACC00AD793E /* DDXMLNode.m */,
				98C96C3D15635ACC00AD793E /* Private */,
			);
			name = KissXML;
			path = Submodules/KissXML/KissXML;
			sourceTree = "<group>";
		};
		98C96C3015635ACC00AD793E /* Additions */ = {
			isa = PBXGroup;
			children = (
				98C96C3115635ACC00AD793E /* DDXMLElementAdditions.h */,
				98C96C3215635ACC00AD793E /* DDXMLElementAdditions.m */,
			);
			path = Additions;
			sourceTree = "<group>";
		};
		98C96C3315635ACC00AD793E /* Categories */ = {
			isa = PBXGroup;
			children = (
				98C96C3415635ACC00AD793E /* NSString+DDXML.h */,
				98C96C3515635ACC00AD793E /* NSString+DDXML.m */,
			);
			path = Categories;
			sourceTree = "<group>";
		};
		98C96C3D15635ACC00AD793E /* Private */ = {
			isa = PBXGroup;
			children = (
				98C96C3E15635ACC00AD793E /* DDXMLPrivate.h */,
			);
			path = Private;
			sourceTree = "<group>";
		};
/* End PBXGroup section */

/* Begin PBXNativeTarget section */
		1D6058900D05DD3D006BFB54 /* XMLPerformance */ = {
			isa = PBXNativeTarget;
			buildConfigurationList = 1D6058960D05DD3E006BFB54 /* Build configuration list for PBXNativeTarget "XMLPerformance" */;
			buildPhases = (
				1D60588D0D05DD3D006BFB54 /* Resources */,
				1D60588E0D05DD3D006BFB54 /* Sources */,
				1D60588F0D05DD3D006BFB54 /* Frameworks */,
			);
			buildRules = (
			);
			dependencies = (
			);
			name = XMLPerformance;
			productName = XMLPerformance;
			productReference = 1D6058910D05DD3D006BFB54 /* XMLPerformance.app */;
			productType = "com.apple.product-type.application";
		};
/* End PBXNativeTarget section */

/* Begin PBXProject section */
		29B97313FDCFA39411CA2CEA /* Project object */ = {
			isa = PBXProject;
			attributes = {
				LastUpgradeCheck = 0430;
			};
			buildConfigurationList = C01FCF4E08A954540054247B /* Build configuration list for PBXProject "XMLPerformance" */;
			compatibilityVersion = "Xcode 3.2";
			developmentRegion = English;
			hasScannedForEncodings = 1;
			knownRegions = (
				English,
				Japanese,
				French,
				German,
				en,
			);
			mainGroup = 29B97314FDCFA39411CA2CEA /* XMLPerformance */;
			projectDirPath = "";
			projectRoot = "";
			targets = (
				1D6058900D05DD3D006BFB54 /* XMLPerformance */,
			);
		};
/* End PBXProject section */

/* Begin PBXResourcesBuildPhase section */
		1D60588D0D05DD3D006BFB54 /* Resources */ = {
			isa = PBXResourcesBuildPhase;
			buildActionMask = 2147483647;
			files = (
				3097D68C0E392CCC00159D5D /* StatsView.xib in Resources */,
				30EC989A0E3A507B0042536C /* stats.sqlite in Resources */,
				3013ACCB0E5CD0BC00DFF042 /* Stat.png in Resources */,
				3013ACCC0E5CD0BC00DFF042 /* XML.png in Resources */,
				3013ADBC0E5E099600DFF042 /* Default.png in Resources */,
				30F20C520EC3618100F74FAC /* Localizable.strings in Resources */,
				30CB63DE0FBB5A1200E8B09E /* ParserChoiceView.xib in Resources */,
				98ED78811638F27300171FF5 /* Default-568h@2x.png in Resources */,
			);
			runOnlyForDeploymentPostprocessing = 0;
		};
/* End PBXResourcesBuildPhase section */

/* Begin PBXSourcesBuildPhase section */
		1D60588E0D05DD3D006BFB54 /* Sources */ = {
			isa = PBXSourcesBuildPhase;
			buildActionMask = 2147483647;
			files = (
				1D60589B0D05DD56006BFB54 /* main.m in Sources */,
				1D3623260D0F684500981E51 /* AppDelegate.m in Sources */,
				28216C970DB411BC00E5133A /* StatsViewController.m in Sources */,
				3097D6920E392ED500159D5D /* SongsViewController.m in Sources */,
				3097D6B40E392FAD00159D5D /* ParserChoiceViewController.m in Sources */,
				3097D70A0E393EAE00159D5D /* iTunesRSSParser.m in Sources */,
				3097D71B0E39427200159D5D /* Song.m in Sources */,
				3097D7260E39451800159D5D /* LibXMLParser.m in Sources */,
				3097D7270E39451800159D5D /* CocoaXMLParser.m in Sources */,
				3097D7390E394B0600159D5D /* DetailController.m in Sources */,
				309C4B890E844795007F2FBA /* Statistics.m in Sources */,
				359956311135CA5D00BFD4B0 /* TBXMLParser.m in Sources */,
				359956C61135D68E00BFD4B0 /* TouchXMLParser.m in Sources */,
				3599571A1135E02000BFD4B0 /* KissXMLParser.m in Sources */,
				359957731135E34700BFD4B0 /* TinyXMLParser.mm in Sources */,
				359958971136106800BFD4B0 /* GDataXMLParser.m in Sources */,
				3541B4491136D95E00298D56 /* LibXMLDOMParser.m in Sources */,
				98C96BD91563454800AD793E /* RXMLElement.m in Sources */,
				98C96BDD1563462B00AD793E /* RaptureXMLParser.m in Sources */,
				98C96C1F1563573B00AD793E /* CXMLDocument_CreationExtensions.m in Sources */,
				98C96C201563573C00AD793E /* CXMLNode_CreationExtensions.m in Sources */,
				98C96C211563573C00AD793E /* CXHTMLDocument.m in Sources */,
				98C96C221563573C00AD793E /* CXMLDocument_PrivateExtensions.m in Sources */,
				98C96C231563573C00AD793E /* CXMLDocument.m in Sources */,
				98C96C241563573C00AD793E /* CXMLElement_CreationExtensions.m in Sources */,
				98C96C251563573C00AD793E /* CXMLElement_ElementTreeExtensions.m in Sources */,
				98C96C261563573C00AD793E /* CXMLElement.m in Sources */,
				98C96C271563573C00AD793E /* CXMLNamespaceNode.m in Sources */,
				98C96C281563573C00AD793E /* CXMLNode_PrivateExtensions.m in Sources */,
				98C96C291563573C00AD793E /* CXMLNode_XPathExtensions.m in Sources */,
				98C96C2A1563573C00AD793E /* CXMLNode.m in Sources */,
				98C96C2B1563573C00AD793E /* CTidy.m in Sources */,
				98C96C2E1563592E00AD793E /* TBXML.m in Sources */,
				98C96C3F15635ACC00AD793E /* DDXMLElementAdditions.m in Sources */,
				98C96C4015635ACC00AD793E /* NSString+DDXML.m in Sources */,
				98C96C4115635ACC00AD793E /* DDXMLDocument.m in Sources */,
				98C96C4215635ACC00AD793E /* DDXMLElement.m in Sources */,
				98C96C4315635ACC00AD793E /* DDXMLNode.m in Sources */,
				98C96C4615635DA000AD793E /* GDataXMLNode.m in Sources */,
				98A56B3C164EDC6A009A4B8C /* tinystr.cpp in Sources */,
				98A56B3D164EDC6A009A4B8C /* tinyxml.cpp in Sources */,
				98A56B3E164EDC6A009A4B8C /* tinyxmlerror.cpp in Sources */,
				98A56B3F164EDC6A009A4B8C /* tinyxmlparser.cpp in Sources */,
				98A56B47164EF454009A4B8C /* tinyxml2.cpp in Sources */,
				98A56B4A164EF518009A4B8C /* TinyXML2Parser.mm in Sources */,
			);
			runOnlyForDeploymentPostprocessing = 0;
		};
/* End PBXSourcesBuildPhase section */

/* Begin PBXVariantGroup section */
		3013ACC60E5CD0BC00DFF042 /* Stat.png */ = {
			isa = PBXVariantGroup;
			children = (
				3013ACC70E5CD0BC00DFF042 /* en */,
			);
			name = Stat.png;
			sourceTree = "<group>";
		};
		3013ACC80E5CD0BC00DFF042 /* XML.png */ = {
			isa = PBXVariantGroup;
			children = (
				3013ACC90E5CD0BC00DFF042 /* en */,
			);
			name = XML.png;
			sourceTree = "<group>";
		};
		3013ADBA0E5E099600DFF042 /* Default.png */ = {
			isa = PBXVariantGroup;
			children = (
				3013ADBB0E5E099600DFF042 /* en */,
			);
			name = Default.png;
			sourceTree = "<group>";
		};
		3097D6890E392CCC00159D5D /* StatsView.xib */ = {
			isa = PBXVariantGroup;
			children = (
				3097D68A0E392CCC00159D5D /* en */,
			);
			name = StatsView.xib;
			sourceTree = "<group>";
		};
		30CB63DC0FBB5A1200E8B09E /* ParserChoiceView.xib */ = {
			isa = PBXVariantGroup;
			children = (
				30CB63DD0FBB5A1200E8B09E /* en */,
			);
			name = ParserChoiceView.xib;
			sourceTree = "<group>";
		};
		30F20C500EC3618100F74FAC /* Localizable.strings */ = {
			isa = PBXVariantGroup;
			children = (
				30F20C510EC3618100F74FAC /* en */,
			);
			name = Localizable.strings;
			sourceTree = "<group>";
		};
/* End PBXVariantGroup section */

/* Begin XCBuildConfiguration section */
		1D6058940D05DD3E006BFB54 /* Debug */ = {
			isa = XCBuildConfiguration;
			buildSettings = {
				ALWAYS_SEARCH_USER_PATHS = NO;
				CLANG_ENABLE_OBJC_ARC = YES;
				COPY_PHASE_STRIP = NO;
				GCC_DYNAMIC_NO_PIC = NO;
				GCC_OPTIMIZATION_LEVEL = 0;
				GCC_PRECOMPILE_PREFIX_HEADER = YES;
				GCC_PREFIX_HEADER = Prefix.pch;
				HEADER_SEARCH_PATHS = "\"$(SDK_DIR)\"/usr/include/libxml2";
				INFOPLIST_FILE = Info.plist;
				IPHONEOS_DEPLOYMENT_TARGET = 6.0;
				OTHER_LDFLAGS = "-lxml2";
				PRODUCT_NAME = XMLPerformance;
			};
			name = Debug;
		};
		1D6058950D05DD3E006BFB54 /* Release */ = {
			isa = XCBuildConfiguration;
			buildSettings = {
				ALWAYS_SEARCH_USER_PATHS = NO;
				CLANG_ENABLE_OBJC_ARC = YES;
				COPY_PHASE_STRIP = YES;
				GCC_PRECOMPILE_PREFIX_HEADER = YES;
				GCC_PREFIX_HEADER = Prefix.pch;
				HEADER_SEARCH_PATHS = "\"$(SDK_DIR)\"/usr/include/libxml2";
				INFOPLIST_FILE = Info.plist;
				IPHONEOS_DEPLOYMENT_TARGET = 6.0;
				OTHER_LDFLAGS = "-lxml2";
				PRODUCT_NAME = XMLPerformance;
			};
			name = Release;
		};
		C01FCF4F08A954540054247B /* Debug */ = {
			isa = XCBuildConfiguration;
			buildSettings = {
				ARCHS = "$(ARCHS_STANDARD_32_BIT)";
				"CODE_SIGN_IDENTITY[sdk=iphoneos*]" = "iPhone Developer";
				GCC_C_LANGUAGE_STANDARD = c99;
				GCC_WARN_ABOUT_RETURN_TYPE = YES;
				GCC_WARN_UNUSED_VARIABLE = YES;
				ONLY_ACTIVE_ARCH = YES;
				SDKROOT = iphoneos;
			};
			name = Debug;
		};
		C01FCF5008A954540054247B /* Release */ = {
			isa = XCBuildConfiguration;
			buildSettings = {
				ARCHS = "$(ARCHS_STANDARD_32_BIT)";
				"CODE_SIGN_IDENTITY[sdk=iphoneos*]" = "iPhone Developer";
				GCC_C_LANGUAGE_STANDARD = c99;
				GCC_WARN_ABOUT_RETURN_TYPE = YES;
				GCC_WARN_UNUSED_VARIABLE = YES;
				SDKROOT = iphoneos;
			};
			name = Release;
		};
/* End XCBuildConfiguration section */

/* Begin XCConfigurationList section */
		1D6058960D05DD3E006BFB54 /* Build configuration list for PBXNativeTarget "XMLPerformance" */ = {
			isa = XCConfigurationList;
			buildConfigurations = (
				1D6058940D05DD3E006BFB54 /* Debug */,
				1D6058950D05DD3E006BFB54 /* Release */,
			);
			defaultConfigurationIsVisible = 0;
			defaultConfigurationName = Release;
		};
		C01FCF4E08A954540054247B /* Build configuration list for PBXProject "XMLPerformance" */ = {
			isa = XCConfigurationList;
			buildConfigurations = (
				C01FCF4F08A954540054247B /* Debug */,
				C01FCF5008A954540054247B /* Release */,
			);
			defaultConfigurationIsVisible = 0;
			defaultConfigurationName = Release;
		};
/* End XCConfigurationList section */
	};
	rootObject = 29B97313FDCFA39411CA2CEA /* Project object */;
}
